// !$*UTF8*$!
{
	archiveVersion = 1;
	classes = {
	};
	objectVersion = 55;
	objects = {

/* Begin PBXBuildFile section */
		1765CE502849851A00C1F956 /* AppDelegate.swift in Sources */ = {isa = PBXBuildFile; fileRef = 1765CE4F2849851A00C1F956 /* AppDelegate.swift */; };
		1765CE522849851A00C1F956 /* SceneDelegate.swift in Sources */ = {isa = PBXBuildFile; fileRef = 1765CE512849851A00C1F956 /* SceneDelegate.swift */; };
		1765CE542849851A00C1F956 /* ViewController.swift in Sources */ = {isa = PBXBuildFile; fileRef = 1765CE532849851A00C1F956 /* ViewController.swift */; };
		1765CE572849851A00C1F956 /* Main.storyboard in Resources */ = {isa = PBXBuildFile; fileRef = 1765CE552849851A00C1F956 /* Main.storyboard */; };
		1765CE592849851B00C1F956 /* Assets.xcassets in Resources */ = {isa = PBXBuildFile; fileRef = 1765CE582849851B00C1F956 /* Assets.xcassets */; };
		1765CE5C2849851B00C1F956 /* LaunchScreen.storyboard in Resources */ = {isa = PBXBuildFile; fileRef = 1765CE5A2849851B00C1F956 /* LaunchScreen.storyboard */; };
		1765CE642849855000C1F956 /* Question.swift in Sources */ = {isa = PBXBuildFile; fileRef = 1765CE632849855000C1F956 /* Question.swift */; };
		1765CE66284985EF00C1F956 /* QuestionBrain.swift in Sources */ = {isa = PBXBuildFile; fileRef = 1765CE65284985EF00C1F956 /* QuestionBrain.swift */; };
		1765CE682849B93700C1F956 /* Trait.swift in Sources */ = {isa = PBXBuildFile; fileRef = 1765CE672849B93700C1F956 /* Trait.swift */; };
		1765CE6A2849BA5C00C1F956 /* TraitBrain.swift in Sources */ = {isa = PBXBuildFile; fileRef = 1765CE692849BA5C00C1F956 /* TraitBrain.swift */; };
/* End PBXBuildFile section */

/* Begin PBXFileReference section */
		1765CE4C2849851A00C1F956 /* personalityTest.app */ = {isa = PBXFileReference; explicitFileType = wrapper.application; includeInIndex = 0; path = personalityTest.app; sourceTree = BUILT_PRODUCTS_DIR; };
		1765CE4F2849851A00C1F956 /* AppDelegate.swift */ = {isa = PBXFileReference; lastKnownFileType = sourcecode.swift; path = AppDelegate.swift; sourceTree = "<group>"; };
		1765CE512849851A00C1F956 /* SceneDelegate.swift */ = {isa = PBXFileReference; lastKnownFileType = sourcecode.swift; path = SceneDelegate.swift; sourceTree = "<group>"; };
		1765CE532849851A00C1F956 /* ViewController.swift */ = {isa = PBXFileReference; lastKnownFileType = sourcecode.swift; path = ViewController.swift; sourceTree = "<group>"; };
		1765CE562849851A00C1F956 /* Base */ = {isa = PBXFileReference; lastKnownFileType = file.storyboard; name = Base; path = Base.lproj/Main.storyboard; sourceTree = "<group>"; };
		1765CE582849851B00C1F956 /* Assets.xcassets */ = {isa = PBXFileReference; lastKnownFileType = folder.assetcatalog; path = Assets.xcassets; sourceTree = "<group>"; };
		1765CE5B2849851B00C1F956 /* Base */ = {isa = PBXFileReference; lastKnownFileType = file.storyboard; name = Base; path = Base.lproj/LaunchScreen.storyboard; sourceTree = "<group>"; };
		1765CE5D2849851B00C1F956 /* Info.plist */ = {isa = PBXFileReference; lastKnownFileType = text.plist.xml; path = Info.plist; sourceTree = "<group>"; };
		1765CE632849855000C1F956 /* Question.swift */ = {isa = PBXFileReference; lastKnownFileType = sourcecode.swift; path = Question.swift; sourceTree = "<group>"; };
		1765CE65284985EF00C1F956 /* QuestionBrain.swift */ = {isa = PBXFileReference; lastKnownFileType = sourcecode.swift; path = QuestionBrain.swift; sourceTree = "<group>"; };
		1765CE672849B93700C1F956 /* Trait.swift */ = {isa = PBXFileReference; lastKnownFileType = sourcecode.swift; path = Trait.swift; sourceTree = "<group>"; };
		1765CE692849BA5C00C1F956 /* TraitBrain.swift */ = {isa = PBXFileReference; lastKnownFileType = sourcecode.swift; path = TraitBrain.swift; sourceTree = "<group>"; };
/* End PBXFileReference section */

/* Begin PBXFrameworksBuildPhase section */
		1765CE492849851A00C1F956 /* Frameworks */ = {
			isa = PBXFrameworksBuildPhase;
			buildActionMask = 2147483647;
			files = (
			);
			runOnlyForDeploymentPostprocessing = 0;
		};
/* End PBXFrameworksBuildPhase section */

/* Begin PBXGroup section */
		1765CE432849851A00C1F956 = {
			isa = PBXGroup;
			children = (
				1765CE4E2849851A00C1F956 /* personalityTest */,
				1765CE4D2849851A00C1F956 /* Products */,
			);
			sourceTree = "<group>";
		};
		1765CE4D2849851A00C1F956 /* Products */ = {
			isa = PBXGroup;
			children = (
				1765CE4C2849851A00C1F956 /* personalityTest.app */,
			);
			name = Products;
			sourceTree = "<group>";
		};
		1765CE4E2849851A00C1F956 /* personalityTest */ = {
			isa = PBXGroup;
			children = (
				1765CE4F2849851A00C1F956 /* AppDelegate.swift */,
				1765CE512849851A00C1F956 /* SceneDelegate.swift */,
				1765CE532849851A00C1F956 /* ViewController.swift */,
				1765CE552849851A00C1F956 /* Main.storyboard */,
				1765CE582849851B00C1F956 /* Assets.xcassets */,
				1765CE5A2849851B00C1F956 /* LaunchScreen.storyboard */,
				1765CE5D2849851B00C1F956 /* Info.plist */,
				1765CE6B2849BA6300C1F956 /* Model */,
			);
			path = personalityTest;
			sourceTree = "<group>";
		};
		1765CE6B2849BA6300C1F956 /* Model */ = {
			isa = PBXGroup;
			children = (
				1765CE632849855000C1F956 /* Question.swift */,
				1765CE65284985EF00C1F956 /* QuestionBrain.swift */,
				1765CE672849B93700C1F956 /* Trait.swift */,
				1765CE692849BA5C00C1F956 /* TraitBrain.swift */,
			);
			path = Model;
			sourceTree = "<group>";
		};
/* End PBXGroup section */

/* Begin PBXNativeTarget section */
		1765CE4B2849851A00C1F956 /* personalityTest */ = {
			isa = PBXNativeTarget;
			buildConfigurationList = 1765CE602849851B00C1F956 /* Build configuration list for PBXNativeTarget "personalityTest" */;
			buildPhases = (
				1765CE482849851A00C1F956 /* Sources */,
				1765CE492849851A00C1F956 /* Frameworks */,
				1765CE4A2849851A00C1F956 /* Resources */,
			);
			buildRules = (
			);
			dependencies = (
			);
			name = personalityTest;
			productName = personalityTest;
			productReference = 1765CE4C2849851A00C1F956 /* personalityTest.app */;
			productType = "com.apple.product-type.application";
		};
/* End PBXNativeTarget section */

/* Begin PBXProject section */
		1765CE442849851A00C1F956 /* Project object */ = {
			isa = PBXProject;
			attributes = {
				BuildIndependentTargetsInParallel = 1;
				LastSwiftUpdateCheck = 1330;
				LastUpgradeCheck = 1330;
				TargetAttributes = {
					1765CE4B2849851A00C1F956 = {
						CreatedOnToolsVersion = 13.3.1;
					};
				};
			};
			buildConfigurationList = 1765CE472849851A00C1F956 /* Build configuration list for PBXProject "personalityTest" */;
			compatibilityVersion = "Xcode 13.0";
			developmentRegion = en;
			hasScannedForEncodings = 0;
			knownRegions = (
				en,
				Base,
			);
			mainGroup = 1765CE432849851A00C1F956;
			productRefGroup = 1765CE4D2849851A00C1F956 /* Products */;
			projectDirPath = "";
			projectRoot = "";
			targets = (
				1765CE4B2849851A00C1F956 /* personalityTest */,
			);
		};
/* End PBXProject section */

/* Begin PBXResourcesBuildPhase section */
		1765CE4A2849851A00C1F956 /* Resources */ = {
			isa = PBXResourcesBuildPhase;
			buildActionMask = 2147483647;
			files = (
				1765CE5C2849851B00C1F956 /* LaunchScreen.storyboard in Resources */,
				1765CE592849851B00C1F956 /* Assets.xcassets in Resources */,
				1765CE572849851A00C1F956 /* Main.storyboard in Resources */,
			);
			runOnlyForDeploymentPostprocessing = 0;
		};
/* End PBXResourcesBuildPhase section */

/* Begin PBXSourcesBuildPhase section */
		1765CE482849851A00C1F956 /* Sources */ = {
			isa = PBXSourcesBuildPhase;
			buildActionMask = 2147483647;
			files = (
				1765CE66284985EF00C1F956 /* QuestionBrain.swift in Sources */,
				1765CE542849851A00C1F956 /* ViewController.swift in Sources */,
				1765CE642849855000C1F956 /* Question.swift in Sources */,
				1765CE6A2849BA5C00C1F956 /* TraitBrain.swift in Sources */,
				1765CE502849851A00C1F956 /* AppDelegate.swift in Sources */,
				1765CE682849B93700C1F956 /* Trait.swift in Sources */,
				1765CE522849851A00C1F956 /* SceneDelegate.swift in Sources */,
			);
			runOnlyForDeploymentPostprocessing = 0;
		};
/* End PBXSourcesBuildPhase section */

/* Begin PBXVariantGroup section */
		1765CE552849851A00C1F956 /* Main.storyboard */ = {
			isa = PBXVariantGroup;
			children = (
				1765CE562849851A00C1F956 /* Base */,
			);
			name = Main.storyboard;
			sourceTree = "<group>";
		};
		1765CE5A2849851B00C1F956 /* LaunchScreen.storyboard */ = {
			isa = PBXVariantGroup;
			children = (
				1765CE5B2849851B00C1F956 /* Base */,
			);
			name = LaunchScreen.storyboard;
			sourceTree = "<group>";
		};
/* End PBXVariantGroup section */

/* Begin XCBuildConfiguration section */
		1765CE5E2849851B00C1F956 /* Debug */ = {
			isa = XCBuildConfiguration;
			buildSettings = {
				ALWAYS_SEARCH_USER_PATHS = NO;
				CLANG_ANALYZER_NONNULL = YES;
				CLANG_ANALYZER_NUMBER_OBJECT_CONVERSION = YES_AGGRESSIVE;
				CLANG_CXX_LANGUAGE_STANDARD = "gnu++17";
				CLANG_ENABLE_MODULES = YES;
				CLANG_ENABLE_OBJC_ARC = YES;
				CLANG_ENABLE_OBJC_WEAK = YES;
				CLANG_WARN_BLOCK_CAPTURE_AUTORELEASING = YES;
				CLANG_WARN_BOOL_CONVERSION = YES;
				CLANG_WARN_COMMA = YES;
				CLANG_WARN_CONSTANT_CONVERSION = YES;
				CLANG_WARN_DEPRECATED_OBJC_IMPLEMENTATIONS = YES;
				CLANG_WARN_DIRECT_OBJC_ISA_USAGE = YES_ERROR;
				CLANG_WARN_DOCUMENTATION_COMMENTS = YES;
				CLANG_WARN_EMPTY_BODY = YES;
				CLANG_WARN_ENUM_CONVERSION = YES;
				CLANG_WARN_INFINITE_RECURSION = YES;
				CLANG_WARN_INT_CONVERSION = YES;
				CLANG_WARN_NON_LITERAL_NULL_CONVERSION = YES;
				CLANG_WARN_OBJC_IMPLICIT_RETAIN_SELF = YES;
				CLANG_WARN_OBJC_LITERAL_CONVERSION = YES;
				CLANG_WARN_OBJC_ROOT_CLASS = YES_ERROR;
				CLANG_WARN_QUOTED_INCLUDE_IN_FRAMEWORK_HEADER = YES;
				CLANG_WARN_RANGE_LOOP_ANALYSIS = YES;
				CLANG_WARN_STRICT_PROTOTYPES = YES;
				CLANG_WARN_SUSPICIOUS_MOVE = YES;
				CLANG_WARN_UNGUARDED_AVAILABILITY = YES_AGGRESSIVE;
				CLANG_WARN_UNREACHABLE_CODE = YES;
				CLANG_WARN__DUPLICATE_METHOD_MATCH = YES;
				COPY_PHASE_STRIP = NO;
				DEBUG_INFORMATION_FORMAT = dwarf;
				ENABLE_STRICT_OBJC_MSGSEND = YES;
				ENABLE_TESTABILITY = YES;
				GCC_C_LANGUAGE_STANDARD = gnu11;
				GCC_DYNAMIC_NO_PIC = NO;
				GCC_NO_COMMON_BLOCKS = YES;
				GCC_OPTIMIZATION_LEVEL = 0;
				GCC_PREPROCESSOR_DEFINITIONS = (
					"DEBUG=1",
					"$(inherited)",
				);
				GCC_WARN_64_TO_32_BIT_CONVERSION = YES;
				GCC_WARN_ABOUT_RETURN_TYPE = YES_ERROR;
				GCC_WARN_UNDECLARED_SELECTOR = YES;
				GCC_WARN_UNINITIALIZED_AUTOS = YES_AGGRESSIVE;
				GCC_WARN_UNUSED_FUNCTION = YES;
				GCC_WARN_UNUSED_VARIABLE = YES;
				IPHONEOS_DEPLOYMENT_TARGET = 15.4;
				MTL_ENABLE_DEBUG_INFO = INCLUDE_SOURCE;
				MTL_FAST_MATH = YES;
				ONLY_ACTIVE_ARCH = YES;
				SDKROOT = iphoneos;
				SWIFT_ACTIVE_COMPILATION_CONDITIONS = DEBUG;
				SWIFT_OPTIMIZATION_LEVEL = "-Onone";
			};
			name = Debug;
		};
		1765CE5F2849851B00C1F956 /* Release */ = {
			isa = XCBuildConfiguration;
			buildSettings = {
				ALWAYS_SEARCH_USER_PATHS = NO;
				CLANG_ANALYZER_NONNULL = YES;
				CLANG_ANALYZER_NUMBER_OBJECT_CONVERSION = YES_AGGRESSIVE;
				CLANG_CXX_LANGUAGE_STANDARD = "gnu++17";
				CLANG_ENABLE_MODULES = YES;
				CLANG_ENABLE_OBJC_ARC = YES;
				CLANG_ENABLE_OBJC_WEAK = YES;
				CLANG_WARN_BLOCK_CAPTURE_AUTORELEASING = YES;
				CLANG_WARN_BOOL_CONVERSION = YES;
				CLANG_WARN_COMMA = YES;
				CLANG_WARN_CONSTANT_CONVERSION = YES;
				CLANG_WARN_DEPRECATED_OBJC_IMPLEMENTATIONS = YES;
				CLANG_WARN_DIRECT_OBJC_ISA_USAGE = YES_ERROR;
				CLANG_WARN_DOCUMENTATION_COMMENTS = YES;
				CLANG_WARN_EMPTY_BODY = YES;
				CLANG_WARN_ENUM_CONVERSION = YES;
				CLANG_WARN_INFINITE_RECURSION = YES;
				CLANG_WARN_INT_CONVERSION = YES;
				CLANG_WARN_NON_LITERAL_NULL_CONVERSION = YES;
				CLANG_WARN_OBJC_IMPLICIT_RETAIN_SELF = YES;
				CLANG_WARN_OBJC_LITERAL_CONVERSION = YES;
				CLANG_WARN_OBJC_ROOT_CLASS = YES_ERROR;
				CLANG_WARN_QUOTED_INCLUDE_IN_FRAMEWORK_HEADER = YES;
				CLANG_WARN_RANGE_LOOP_ANALYSIS = YES;
				CLANG_WARN_STRICT_PROTOTYPES = YES;
				CLANG_WARN_SUSPICIOUS_MOVE = YES;
				CLANG_WARN_UNGUARDED_AVAILABILITY = YES_AGGRESSIVE;
				CLANG_WARN_UNREACHABLE_CODE = YES;
				CLANG_WARN__DUPLICATE_METHOD_MATCH = YES;
				COPY_PHASE_STRIP = NO;
				DEBUG_INFORMATION_FORMAT = "dwarf-with-dsym";
				ENABLE_NS_ASSERTIONS = NO;
				ENABLE_STRICT_OBJC_MSGSEND = YES;
				GCC_C_LANGUAGE_STANDARD = gnu11;
				GCC_NO_COMMON_BLOCKS = YES;
				GCC_WARN_64_TO_32_BIT_CONVERSION = YES;
				GCC_WARN_ABOUT_RETURN_TYPE = YES_ERROR;
				GCC_WARN_UNDECLARED_SELECTOR = YES;
				GCC_WARN_UNINITIALIZED_AUTOS = YES_AGGRESSIVE;
				GCC_WARN_UNUSED_FUNCTION = YES;
				GCC_WARN_UNUSED_VARIABLE = YES;
				IPHONEOS_DEPLOYMENT_TARGET = 15.4;
				MTL_ENABLE_DEBUG_INFO = NO;
				MTL_FAST_MATH = YES;
				SDKROOT = iphoneos;
				SWIFT_COMPILATION_MODE = wholemodule;
				SWIFT_OPTIMIZATION_LEVEL = "-O";
				VALIDATE_PRODUCT = YES;
			};
			name = Release;
		};
		1765CE612849851B00C1F956 /* Debug */ = {
			isa = XCBuildConfiguration;
			buildSettings = {
				ASSETCATALOG_COMPILER_APPICON_NAME = AppIcon;
				ASSETCATALOG_COMPILER_GLOBAL_ACCENT_COLOR_NAME = AccentColor;
				CODE_SIGN_STYLE = Automatic;
				CURRENT_PROJECT_VERSION = 1;
				DEVELOPMENT_TEAM = 749Q737TF5;
				GENERATE_INFOPLIST_FILE = YES;
				INFOPLIST_FILE = personalityTest/Info.plist;
				INFOPLIST_KEY_UIApplicationSupportsIndirectInputEvents = YES;
				INFOPLIST_KEY_UILaunchStoryboardName = LaunchScreen;
				INFOPLIST_KEY_UIMainStoryboardFile = Main;
				INFOPLIST_KEY_UISupportedInterfaceOrientations_iPad = "UIInterfaceOrientationPortrait UIInterfaceOrientationPortraitUpsideDown UIInterfaceOrientationLandscapeLeft UIInterfaceOrientationLandscapeRight";
				INFOPLIST_KEY_UISupportedInterfaceOrientations_iPhone = "UIInterfaceOrientationPortrait UIInterfaceOrientationLandscapeLeft UIInterfaceOrientationLandscapeRight";
				LD_RUNPATH_SEARCH_PATHS = (
					"$(inherited)",
					"@executable_path/Frameworks",
				);
				MARKETING_VERSION = 1.0;
				PRODUCT_BUNDLE_IDENTIFIER = br.ufpe.cin.academy.personalityTest;
				PRODUCT_NAME = "$(TARGET_NAME)";
				SWIFT_EMIT_LOC_STRINGS = YES;
				SWIFT_VERSION = 5.0;
				TARGETED_DEVICE_FAMILY = "1,2";
			};
			name = Debug;
		};
		1765CE622849851B00C1F956 /* Release */ = {
			isa = XCBuildConfiguration;
			buildSettings = {
				ASSETCATALOG_COMPILER_APPICON_NAME = AppIcon;
				ASSETCATALOG_COMPILER_GLOBAL_ACCENT_COLOR_NAME = AccentColor;
				CODE_SIGN_STYLE = Automatic;
				CURRENT_PROJECT_VERSION = 1;
				DEVELOPMENT_TEAM = 749Q737TF5;
				GENERATE_INFOPLIST_FILE = YES;
				INFOPLIST_FILE = personalityTest/Info.plist;
				INFOPLIST_KEY_UIApplicationSupportsIndirectInputEvents = YES;
				INFOPLIST_KEY_UILaunchStoryboardName = LaunchScreen;
				INFOPLIST_KEY_UIMainStoryboardFile = Main;
				INFOPLIST_KEY_UISupportedInterfaceOrientations_iPad = "UIInterfaceOrientationPortrait UIInterfaceOrientationPortraitUpsideDown UIInterfaceOrientationLandscapeLeft UIInterfaceOrientationLandscapeRight";
				INFOPLIST_KEY_UISupportedInterfaceOrientations_iPhone = "UIInterfaceOrientationPortrait UIInterfaceOrientationLandscapeLeft UIInterfaceOrientationLandscapeRight";
				LD_RUNPATH_SEARCH_PATHS = (
					"$(inherited)",
					"@executable_path/Frameworks",
				);
				MARKETING_VERSION = 1.0;
				PRODUCT_BUNDLE_IDENTIFIER = br.ufpe.cin.academy.personalityTest;
				PRODUCT_NAME = "$(TARGET_NAME)";
				SWIFT_EMIT_LOC_STRINGS = YES;
				SWIFT_VERSION = 5.0;
				TARGETED_DEVICE_FAMILY = "1,2";
			};
			name = Release;
		};
/* End XCBuildConfiguration section */

/* Begin XCConfigurationList section */
		1765CE472849851A00C1F956 /* Build configuration list for PBXProject "personalityTest" */ = {
			isa = XCConfigurationList;
			buildConfigurations = (
				1765CE5E2849851B00C1F956 /* Debug */,
				1765CE5F2849851B00C1F956 /* Release */,
			);
			defaultConfigurationIsVisible = 0;
			defaultConfigurationName = Release;
		};
		1765CE602849851B00C1F956 /* Build configuration list for PBXNativeTarget "personalityTest" */ = {
			isa = XCConfigurationList;
			buildConfigurations = (
				1765CE612849851B00C1F956 /* Debug */,
				1765CE622849851B00C1F956 /* Release */,
			);
			defaultConfigurationIsVisible = 0;
			defaultConfigurationName = Release;
		};
/* End XCConfigurationList section */
	};
	rootObject = 1765CE442849851A00C1F956 /* Project object */;
}
